{
  "name": "tldtest.net",
  "lockfileVersion": 3,
  "requires": true,
  "packages": {
    "": {
      "devDependencies": {
        "tailwindcss": "^4.0.10"
      }
    },
    "node_modules/tailwindcss": {
      "version": "4.0.10",
      "resolved": "https://registry.npmjs.org/tailwindcss/-/tailwindcss-4.0.10.tgz",
      "integrity": "sha512-Z8U/6E2BWSdDkt3IWPiphoV+8V6aNzRmu2SriSbuhm6i3QIcY3TdUJzUP5NX8M8MZuIl+v4/77Rer8u4YSrSsg==",
      "dev": true,
      "license": "MIT"
    }
  }
}
