{
  "name": "tldtest.net",
  "lockfileVersion": 3,
  "requires": true,
  "packages": {
    "": {
      "devDependencies": {
        "tailwindcss": "^4.2.3"
      }
    },
    "node_modules/tailwindcss": {
      "version": "4.2.3",
      "resolved": "https://registry.npmjs.org/tailwindcss/-/tailwindcss-4.2.3.tgz",
      "integrity": "sha512-fA/NX5gMf0ooCLISgB0wScaWgaj6rjTN2SVAwleURjiya7ITNkV+VMmoHtKkldP6CIZoYCZyxb8zP/e2TWoEtQ==",
      "dev": true,
      "license": "MIT"
    }
  }
}
