{
  "name": "tldtest.net",
  "lockfileVersion": 3,
  "requires": true,
  "packages": {
    "": {
      "devDependencies": {
        "tailwindcss": "^4.0.4"
      }
    },
    "node_modules/tailwindcss": {
      "version": "4.0.4",
      "resolved": "https://registry.npmjs.org/tailwindcss/-/tailwindcss-4.0.4.tgz",
      "integrity": "sha512-/ezDLEkOLf1lXkr9F2iI5BHJbexJpty5zkV2B8bGHCqAdbc9vk85Jgdkq+ZOvNkNPa3yAaqJ8DjRt584Bc84kw==",
      "dev": true,
      "license": "MIT"
    }
  }
}
